
Microsoft Visual Studio Solution File, Format Version 12.00
# Visual Studio Version 16
VisualStudioVersion = 16.0.30503.244
MinimumVisualStudioVersion = 10.0.40219.1
Project("{9A19103F-16F7-4668-BE54-9A1E7A4F7556}") = "ByteBank", "ByteBank.csproj", "{91AE053F-F88E-496C-9F60-E5790B01F5C3}"
EndProject
Project("{9A19103F-16F7-4668-BE54-9A1E7A4F7556}") = "ByteBankTests-Xunit", "..\ByteBankTests-Xunit\ByteBankTests-Xunit.csproj", "{D152C84C-2879-4119-B25B-CB5DA8967598}"
EndProject
Project("{9A19103F-16F7-4668-BE54-9A1E7A4F7556}") = "ByteBank.Tests", "..\ByteBankTests\ByteBank.Tests.csproj", "{F62B4F17-E6CC-48B2-8208-0377E7A4CD24}"
EndProject
Project("{FAE04EC0-301F-11D3-BF4B-00C04F79EFBC}") = "ExemploBackgroundService", "..\ExemploBackgroundService\ExemploBackgroundService.csproj", "{C171992D-2EEC-4EE1-8EB0-BCFEC3F4A438}"
EndProject
Global
	GlobalSection(SolutionConfigurationPlatforms) = preSolution
		Debug|Any CPU = Debug|Any CPU
		Release|Any CPU = Release|Any CPU
	EndGlobalSection
	GlobalSection(ProjectConfigurationPlatforms) = postSolution
		{91AE053F-F88E-496C-9F60-E5790B01F5C3}.Debug|Any CPU.ActiveCfg = Debug|Any CPU
		{91AE053F-F88E-496C-9F60-E5790B01F5C3}.Debug|Any CPU.Build.0 = Debug|Any CPU
		{91AE053F-F88E-496C-9F60-E5790B01F5C3}.Release|Any CPU.ActiveCfg = Release|Any CPU
		{91AE053F-F88E-496C-9F60-E5790B01F5C3}.Release|Any CPU.Build.0 = Release|Any CPU
		{D152C84C-2879-4119-B25B-CB5DA8967598}.Debug|Any CPU.ActiveCfg = Debug|Any CPU
		{D152C84C-2879-4119-B25B-CB5DA8967598}.Debug|Any CPU.Build.0 = Debug|Any CPU
		{D152C84C-2879-4119-B25B-CB5DA8967598}.Release|Any CPU.ActiveCfg = Release|Any CPU
		{D152C84C-2879-4119-B25B-CB5DA8967598}.Release|Any CPU.Build.0 = Release|Any CPU
		{F62B4F17-E6CC-48B2-8208-0377E7A4CD24}.Debug|Any CPU.ActiveCfg = Debug|Any CPU
		{F62B4F17-E6CC-48B2-8208-0377E7A4CD24}.Debug|Any CPU.Build.0 = Debug|Any CPU
		{F62B4F17-E6CC-48B2-8208-0377E7A4CD24}.Release|Any CPU.ActiveCfg = Release|Any CPU
		{F62B4F17-E6CC-48B2-8208-0377E7A4CD24}.Release|Any CPU.Build.0 = Release|Any CPU
		{C171992D-2EEC-4EE1-8EB0-BCFEC3F4A438}.Debug|Any CPU.ActiveCfg = Debug|Any CPU
		{C171992D-2EEC-4EE1-8EB0-BCFEC3F4A438}.Debug|Any CPU.Build.0 = Debug|Any CPU
		{C171992D-2EEC-4EE1-8EB0-BCFEC3F4A438}.Release|Any CPU.ActiveCfg = Release|Any CPU
		{C171992D-2EEC-4EE1-8EB0-BCFEC3F4A438}.Release|Any CPU.Build.0 = Release|Any CPU
	EndGlobalSection
	GlobalSection(SolutionProperties) = preSolution
		HideSolutionNode = FALSE
	EndGlobalSection
	GlobalSection(ExtensibilityGlobals) = postSolution
		SolutionGuid = {400CC6A4-6960-4FBB-90FF-06613B65CFDB}
	EndGlobalSection
EndGlobal
